{
  "name": "@ungap/custom-elements",
  "version": "1.1.0",
  "lockfileVersion": 2,
  "requires": true,
  "packages": {
    "": {
      "name": "@ungap/custom-elements",
      "version": "1.1.0",
      "license": "ISC",
      "devDependencies": {
        "@webreflection/custom-elements": "^1.1.0"
      }
    },
    "node_modules/@webreflection/custom-elements": {
      "version": "1.1.0",
      "resolved": "https://registry.npmjs.org/@webreflection/custom-elements/-/custom-elements-1.1.0.tgz",
      "integrity": "sha512-eVunNL9W0tUzbwgWObyf+mIpkWmolyvfDA0a9VKpSnKLM9mtXhCVy1fPO1FpLkXtl7Us/2Ki3RXzarjLazeBbQ==",
      "dev": true,
      "dependencies": {
        "@webreflection/custom-elements-attributes": "^0.1.3",
        "qsa-observer": "^3.0.1"
      }
    },
    "node_modules/@webreflection/custom-elements-attributes": {
      "version": "0.1.3",
      "resolved": "https://registry.npmjs.org/@webreflection/custom-elements-attributes/-/custom-elements-attributes-0.1.3.tgz",
      "integrity": "sha512-JWrS682J6DQBaA9R+Rdgpns4gN2294HItAmXdU7CxHoSd1hXSoxyxUrqdOROiFVjVl91izxqnRHFbi8ogRrjVQ==",
      "dev": true
    },
    "node_modules/element-notifier": {
      "version": "1.1.1",
      "resolved": "https://registry.npmjs.org/element-notifier/-/element-notifier-1.1.1.tgz",
      "integrity": "sha512-cPTe43L5D587wtevMkT1Y9rs01yUc3/I8Vh+OrFm2EovY6JkrIRzn8AVSNgJU0ZW1vnq+qwwFsEolvj9CN3lDg==",
      "dev": true
    },
    "node_modules/qsa-observer": {
      "version": "3.0.1",
      "resolved": "https://registry.npmjs.org/qsa-observer/-/qsa-observer-3.0.1.tgz",
      "integrity": "sha512-3GV1PfYT7l+cBQfQtrH5Z8ljldQdrqOxdDjfdbGNGVnAD5qGYO1eOp1hAoNpI+xqvcThot54R5JWU7w9Rc7vHg==",
      "dev": true,
      "dependencies": {
        "element-notifier": "^1.1.1"
      }
    }
  },
  "dependencies": {
    "@webreflection/custom-elements": {
      "version": "1.1.0",
      "resolved": "https://registry.npmjs.org/@webreflection/custom-elements/-/custom-elements-1.1.0.tgz",
      "integrity": "sha512-eVunNL9W0tUzbwgWObyf+mIpkWmolyvfDA0a9VKpSnKLM9mtXhCVy1fPO1FpLkXtl7Us/2Ki3RXzarjLazeBbQ==",
      "dev": true,
      "requires": {
        "@webreflection/custom-elements-attributes": "^0.1.3",
        "qsa-observer": "^3.0.1"
      }
    },
    "@webreflection/custom-elements-attributes": {
      "version": "0.1.3",
      "resolved": "https://registry.npmjs.org/@webreflection/custom-elements-attributes/-/custom-elements-attributes-0.1.3.tgz",
      "integrity": "sha512-JWrS682J6DQBaA9R+Rdgpns4gN2294HItAmXdU7CxHoSd1hXSoxyxUrqdOROiFVjVl91izxqnRHFbi8ogRrjVQ==",
      "dev": true
    },
    "element-notifier": {
      "version": "1.1.1",
      "resolved": "https://registry.npmjs.org/element-notifier/-/element-notifier-1.1.1.tgz",
      "integrity": "sha512-cPTe43L5D587wtevMkT1Y9rs01yUc3/I8Vh+OrFm2EovY6JkrIRzn8AVSNgJU0ZW1vnq+qwwFsEolvj9CN3lDg==",
      "dev": true
    },
    "qsa-observer": {
      "version": "3.0.1",
      "resolved": "https://registry.npmjs.org/qsa-observer/-/qsa-observer-3.0.1.tgz",
      "integrity": "sha512-3GV1PfYT7l+cBQfQtrH5Z8ljldQdrqOxdDjfdbGNGVnAD5qGYO1eOp1hAoNpI+xqvcThot54R5JWU7w9Rc7vHg==",
      "dev": true,
      "requires": {
        "element-notifier": "^1.1.1"
      }
    }
  }
}
