{
  "name": "@ungap/custom-elements",
  "version": "1.2.0",
  "lockfileVersion": 2,
  "requires": true,
  "packages": {
    "": {
      "name": "@ungap/custom-elements",
      "version": "1.2.0",
      "license": "ISC",
      "devDependencies": {
        "@webreflection/custom-elements": "^1.2.1"
      }
    },
    "node_modules/@webreflection/custom-elements": {
      "version": "1.2.1",
      "resolved": "https://registry.npmjs.org/@webreflection/custom-elements/-/custom-elements-1.2.1.tgz",
      "integrity": "sha512-Dt2Nclc2D2F+VZyUdlSYy6WCI+wNXKQruiPUgmkiobNbPVCvNbp2PbJuu82URHGu7Jtoodciv+Y/PGeTuGqPlA==",
      "dev": true,
      "dependencies": {
        "@webreflection/custom-elements-attributes": "^0.1.4",
        "qsa-observer": "^3.0.2"
      }
    },
    "node_modules/@webreflection/custom-elements-attributes": {
      "version": "0.1.4",
      "resolved": "https://registry.npmjs.org/@webreflection/custom-elements-attributes/-/custom-elements-attributes-0.1.4.tgz",
      "integrity": "sha512-uL8msxNYPabss14zx+pxMgr16x/RBKGeMzZQ95UZv5HRQPqs3hK1gNxMYwLvhuJ7aumvbqktfEf2g4waBl13iQ==",
      "dev": true
    },
    "node_modules/element-notifier": {
      "version": "1.1.2",
      "resolved": "https://registry.npmjs.org/element-notifier/-/element-notifier-1.1.2.tgz",
      "integrity": "sha512-GaXwkw/aZ4ZCsmzTDrlchtFmu3k3mruOUcC04Lk7YCQLMWsBPUONaIzczvW3QxxVkTpu8oq3r+muVuD+01b7fA==",
      "dev": true
    },
    "node_modules/qsa-observer": {
      "version": "3.0.2",
      "resolved": "https://registry.npmjs.org/qsa-observer/-/qsa-observer-3.0.2.tgz",
      "integrity": "sha512-G1qqXYKG9RNpoFROJFGzYew1g76YDJsL5jyjePB8CdU6H9SFWO47WGLlqkuJKr5NKwVAzFl2fmTwqyK/EywxOw==",
      "dev": true,
      "dependencies": {
        "element-notifier": "^1.1.2"
      }
    }
  },
  "dependencies": {
    "@webreflection/custom-elements": {
      "version": "1.2.1",
      "resolved": "https://registry.npmjs.org/@webreflection/custom-elements/-/custom-elements-1.2.1.tgz",
      "integrity": "sha512-Dt2Nclc2D2F+VZyUdlSYy6WCI+wNXKQruiPUgmkiobNbPVCvNbp2PbJuu82URHGu7Jtoodciv+Y/PGeTuGqPlA==",
      "dev": true,
      "requires": {
        "@webreflection/custom-elements-attributes": "^0.1.4",
        "qsa-observer": "^3.0.2"
      }
    },
    "@webreflection/custom-elements-attributes": {
      "version": "0.1.4",
      "resolved": "https://registry.npmjs.org/@webreflection/custom-elements-attributes/-/custom-elements-attributes-0.1.4.tgz",
      "integrity": "sha512-uL8msxNYPabss14zx+pxMgr16x/RBKGeMzZQ95UZv5HRQPqs3hK1gNxMYwLvhuJ7aumvbqktfEf2g4waBl13iQ==",
      "dev": true
    },
    "element-notifier": {
      "version": "1.1.2",
      "resolved": "https://registry.npmjs.org/element-notifier/-/element-notifier-1.1.2.tgz",
      "integrity": "sha512-GaXwkw/aZ4ZCsmzTDrlchtFmu3k3mruOUcC04Lk7YCQLMWsBPUONaIzczvW3QxxVkTpu8oq3r+muVuD+01b7fA==",
      "dev": true
    },
    "qsa-observer": {
      "version": "3.0.2",
      "resolved": "https://registry.npmjs.org/qsa-observer/-/qsa-observer-3.0.2.tgz",
      "integrity": "sha512-G1qqXYKG9RNpoFROJFGzYew1g76YDJsL5jyjePB8CdU6H9SFWO47WGLlqkuJKr5NKwVAzFl2fmTwqyK/EywxOw==",
      "dev": true,
      "requires": {
        "element-notifier": "^1.1.2"
      }
    }
  }
}
